// !$*UTF8*$!
{
	archiveVersion = 1;
	classes = {
	};
	objectVersion = 50;
	objects = {

/* Begin PBXBuildFile section */
		4D65A3F4212BC27C00E7F362 /* YQ.gif in Resources */ = {isa = PBXBuildFile; fileRef = 4D65A3F3212BC27C00E7F362 /* YQ.gif */; };
		4D7690DC212AB70000CF2245 /* AppDelegate.m in Sources */ = {isa = PBXBuildFile; fileRef = 4D7690DB212AB70000CF2245 /* AppDelegate.m */; };
		4D7690DF212AB70000CF2245 /* ViewController.m in Sources */ = {isa = PBXBuildFile; fileRef = 4D7690DE212AB70000CF2245 /* ViewController.m */; };
		4D7690E2212AB70000CF2245 /* Main.storyboard in Resources */ = {isa = PBXBuildFile; fileRef = 4D7690E0212AB70000CF2245 /* Main.storyboard */; };
		4D7690E4212AB70200CF2245 /* Assets.xcassets in Resources */ = {isa = PBXBuildFile; fileRef = 4D7690E3212AB70200CF2245 /* Assets.xcassets */; };
		4D7690E7212AB70200CF2245 /* LaunchScreen.storyboard in Resources */ = {isa = PBXBuildFile; fileRef = 4D7690E5212AB70200CF2245 /* LaunchScreen.storyboard */; };
		4D7690EA212AB70200CF2245 /* main.m in Sources */ = {isa = PBXBuildFile; fileRef = 4D7690E9212AB70200CF2245 /* main.m */; };
		4D7690F3212AB7C600CF2245 /* YQGifView.m in Sources */ = {isa = PBXBuildFile; fileRef = 4D7690F2212AB7C600CF2245 /* YQGifView.m */; };
/* End PBXBuildFile section */

/* Begin PBXFileReference section */
		4D65A3F3212BC27C00E7F362 /* YQ.gif */ = {isa = PBXFileReference; lastKnownFileType = image.gif; path = YQ.gif; sourceTree = "<group>"; };
		4D7690D7212AB70000CF2245 /* YQGifPlayer.app */ = {isa = PBXFileReference; explicitFileType = wrapper.application; includeInIndex = 0; path = YQGifPlayer.app; sourceTree = BUILT_PRODUCTS_DIR; };
		4D7690DA212AB70000CF2245 /* AppDelegate.h */ = {isa = PBXFileReference; lastKnownFileType = sourcecode.c.h; path = AppDelegate.h; sourceTree = "<group>"; };
		4D7690DB212AB70000CF2245 /* AppDelegate.m */ = {isa = PBXFileReference; lastKnownFileType = sourcecode.c.objc; path = AppDelegate.m; sourceTree = "<group>"; };
		4D7690DD212AB70000CF2245 /* ViewController.h */ = {isa = PBXFileReference; lastKnownFileType = sourcecode.c.h; path = ViewController.h; sourceTree = "<group>"; };
		4D7690DE212AB70000CF2245 /* ViewController.m */ = {isa = PBXFileReference; lastKnownFileType = sourcecode.c.objc; path = ViewController.m; sourceTree = "<group>"; };
		4D7690E1212AB70000CF2245 /* Base */ = {isa = PBXFileReference; lastKnownFileType = file.storyboard; name = Base; path = Base.lproj/Main.storyboard; sourceTree = "<group>"; };
		4D7690E3212AB70200CF2245 /* Assets.xcassets */ = {isa = PBXFileReference; lastKnownFileType = folder.assetcatalog; path = Assets.xcassets; sourceTree = "<group>"; };
		4D7690E6212AB70200CF2245 /* Base */ = {isa = PBXFileReference; lastKnownFileType = file.storyboard; name = Base; path = Base.lproj/LaunchScreen.storyboard; sourceTree = "<group>"; };
		4D7690E8212AB70200CF2245 /* Info.plist */ = {isa = PBXFileReference; lastKnownFileType = text.plist.xml; path = Info.plist; sourceTree = "<group>"; };
		4D7690E9212AB70200CF2245 /* main.m */ = {isa = PBXFileReference; lastKnownFileType = sourcecode.c.objc; path = main.m; sourceTree = "<group>"; };
		4D7690F1212AB7C600CF2245 /* YQGifView.h */ = {isa = PBXFileReference; lastKnownFileType = sourcecode.c.h; path = YQGifView.h; sourceTree = "<group>"; };
		4D7690F2212AB7C600CF2245 /* YQGifView.m */ = {isa = PBXFileReference; lastKnownFileType = sourcecode.c.objc; path = YQGifView.m; sourceTree = "<group>"; };
/* End PBXFileReference section */

/* Begin PBXFrameworksBuildPhase section */
		4D7690D4212AB70000CF2245 /* Frameworks */ = {
			isa = PBXFrameworksBuildPhase;
			buildActionMask = 2147483647;
			files = (
			);
			runOnlyForDeploymentPostprocessing = 0;
		};
/* End PBXFrameworksBuildPhase section */

/* Begin PBXGroup section */
		4D7690CE212AB70000CF2245 = {
			isa = PBXGroup;
			children = (
				4D7690D9212AB70000CF2245 /* YQGifPlayer */,
				4D7690D8212AB70000CF2245 /* Products */,
			);
			sourceTree = "<group>";
		};
		4D7690D8212AB70000CF2245 /* Products */ = {
			isa = PBXGroup;
			children = (
				4D7690D7212AB70000CF2245 /* YQGifPlayer.app */,
			);
			name = Products;
			sourceTree = "<group>";
		};
		4D7690D9212AB70000CF2245 /* YQGifPlayer */ = {
			isa = PBXGroup;
			children = (
				4D7690F0212AB72F00CF2245 /* YQGifPlayer */,
				4D7690DA212AB70000CF2245 /* AppDelegate.h */,
				4D7690DB212AB70000CF2245 /* AppDelegate.m */,
				4D7690DD212AB70000CF2245 /* ViewController.h */,
				4D7690DE212AB70000CF2245 /* ViewController.m */,
				4D7690E0212AB70000CF2245 /* Main.storyboard */,
				4D65A3F3212BC27C00E7F362 /* YQ.gif */,
				4D7690E3212AB70200CF2245 /* Assets.xcassets */,
				4D7690E5212AB70200CF2245 /* LaunchScreen.storyboard */,
				4D7690E8212AB70200CF2245 /* Info.plist */,
				4D7690E9212AB70200CF2245 /* main.m */,
			);
			path = YQGifPlayer;
			sourceTree = "<group>";
		};
		4D7690F0212AB72F00CF2245 /* YQGifPlayer */ = {
			isa = PBXGroup;
			children = (
				4D7690F1212AB7C600CF2245 /* YQGifView.h */,
				4D7690F2212AB7C600CF2245 /* YQGifView.m */,
			);
			path = YQGifPlayer;
			sourceTree = "<group>";
		};
/* End PBXGroup section */

/* Begin PBXNativeTarget section */
		4D7690D6212AB70000CF2245 /* YQGifPlayer */ = {
			isa = PBXNativeTarget;
			buildConfigurationList = 4D7690ED212AB70200CF2245 /* Build configuration list for PBXNativeTarget "YQGifPlayer" */;
			buildPhases = (
				4D7690D3212AB70000CF2245 /* Sources */,
				4D7690D4212AB70000CF2245 /* Frameworks */,
				4D7690D5212AB70000CF2245 /* Resources */,
			);
			buildRules = (
			);
			dependencies = (
			);
			name = YQGifPlayer;
			productName = YQGifPlayer;
			productReference = 4D7690D7212AB70000CF2245 /* YQGifPlayer.app */;
			productType = "com.apple.product-type.application";
		};
/* End PBXNativeTarget section */

/* Begin PBXProject section */
		4D7690CF212AB70000CF2245 /* Project object */ = {
			isa = PBXProject;
			attributes = {
				LastUpgradeCheck = 0940;
				ORGANIZATIONNAME = "深圳市前海硕极科技有限公司";
				TargetAttributes = {
					4D7690D6212AB70000CF2245 = {
						CreatedOnToolsVersion = 9.4.1;
					};
				};
			};
			buildConfigurationList = 4D7690D2212AB70000CF2245 /* Build configuration list for PBXProject "YQGifPlayer" */;
			compatibilityVersion = "Xcode 9.3";
			developmentRegion = en;
			hasScannedForEncodings = 0;
			knownRegions = (
				en,
				Base,
			);
			mainGroup = 4D7690CE212AB70000CF2245;
			productRefGroup = 4D7690D8212AB70000CF2245 /* Products */;
			projectDirPath = "";
			projectRoot = "";
			targets = (
				4D7690D6212AB70000CF2245 /* YQGifPlayer */,
			);
		};
/* End PBXProject section */

/* Begin PBXResourcesBuildPhase section */
		4D7690D5212AB70000CF2245 /* Resources */ = {
			isa = PBXResourcesBuildPhase;
			buildActionMask = 2147483647;
			files = (
				4D65A3F4212BC27C00E7F362 /* YQ.gif in Resources */,
				4D7690E7212AB70200CF2245 /* LaunchScreen.storyboard in Resources */,
				4D7690E4212AB70200CF2245 /* Assets.xcassets in Resources */,
				4D7690E2212AB70000CF2245 /* Main.storyboard in Resources */,
			);
			runOnlyForDeploymentPostprocessing = 0;
		};
/* End PBXResourcesBuildPhase section */

/* Begin PBXSourcesBuildPhase section */
		4D7690D3212AB70000CF2245 /* Sources */ = {
			isa = PBXSourcesBuildPhase;
			buildActionMask = 2147483647;
			files = (
				4D7690DF212AB70000CF2245 /* ViewController.m in Sources */,
				4D7690F3212AB7C600CF2245 /* YQGifView.m in Sources */,
				4D7690EA212AB70200CF2245 /* main.m in Sources */,
				4D7690DC212AB70000CF2245 /* AppDelegate.m in Sources */,
			);
			runOnlyForDeploymentPostprocessing = 0;
		};
/* End PBXSourcesBuildPhase section */

/* Begin PBXVariantGroup section */
		4D7690E0212AB70000CF2245 /* Main.storyboard */ = {
			isa = PBXVariantGroup;
			children = (
				4D7690E1212AB70000CF2245 /* Base */,
			);
			name = Main.storyboard;
			sourceTree = "<group>";
		};
		4D7690E5212AB70200CF2245 /* LaunchScreen.storyboard */ = {
			isa = PBXVariantGroup;
			children = (
				4D7690E6212AB70200CF2245 /* Base */,
			);
			name = LaunchScreen.storyboard;
			sourceTree = "<group>";
		};
/* End PBXVariantGroup section */

/* Begin XCBuildConfiguration section */
		4D7690EB212AB70200CF2245 /* Debug */ = {
			isa = XCBuildConfiguration;
			buildSettings = {
				ALWAYS_SEARCH_USER_PATHS = NO;
				CLANG_ANALYZER_NONNULL = YES;
				CLANG_ANALYZER_NUMBER_OBJECT_CONVERSION = YES_AGGRESSIVE;
				CLANG_CXX_LANGUAGE_STANDARD = "gnu++14";
				CLANG_CXX_LIBRARY = "libc++";
				CLANG_ENABLE_MODULES = YES;
				CLANG_ENABLE_OBJC_ARC = YES;
				CLANG_ENABLE_OBJC_WEAK = YES;
				CLANG_WARN_BLOCK_CAPTURE_AUTORELEASING = YES;
				CLANG_WARN_BOOL_CONVERSION = YES;
				CLANG_WARN_COMMA = YES;
				CLANG_WARN_CONSTANT_CONVERSION = YES;
				CLANG_WARN_DEPRECATED_OBJC_IMPLEMENTATIONS = YES;
				CLANG_WARN_DIRECT_OBJC_ISA_USAGE = YES_ERROR;
				CLANG_WARN_DOCUMENTATION_COMMENTS = YES;
				CLANG_WARN_EMPTY_BODY = YES;
				CLANG_WARN_ENUM_CONVERSION = YES;
				CLANG_WARN_INFINITE_RECURSION = YES;
				CLANG_WARN_INT_CONVERSION = YES;
				CLANG_WARN_NON_LITERAL_NULL_CONVERSION = YES;
				CLANG_WARN_OBJC_IMPLICIT_RETAIN_SELF = YES;
				CLANG_WARN_OBJC_LITERAL_CONVERSION = YES;
				CLANG_WARN_OBJC_ROOT_CLASS = YES_ERROR;
				CLANG_WARN_RANGE_LOOP_ANALYSIS = YES;
				CLANG_WARN_STRICT_PROTOTYPES = YES;
				CLANG_WARN_SUSPICIOUS_MOVE = YES;
				CLANG_WARN_UNGUARDED_AVAILABILITY = YES_AGGRESSIVE;
				CLANG_WARN_UNREACHABLE_CODE = YES;
				CLANG_WARN__DUPLICATE_METHOD_MATCH = YES;
				CODE_SIGN_IDENTITY = "iPhone Developer";
				COPY_PHASE_STRIP = NO;
				DEBUG_INFORMATION_FORMAT = dwarf;
				ENABLE_STRICT_OBJC_MSGSEND = YES;
				ENABLE_TESTABILITY = YES;
				GCC_C_LANGUAGE_STANDARD = gnu11;
				GCC_DYNAMIC_NO_PIC = NO;
				GCC_NO_COMMON_BLOCKS = YES;
				GCC_OPTIMIZATION_LEVEL = 0;
				GCC_PREPROCESSOR_DEFINITIONS = (
					"DEBUG=1",
					"$(inherited)",
				);
				GCC_WARN_64_TO_32_BIT_CONVERSION = YES;
				GCC_WARN_ABOUT_RETURN_TYPE = YES_ERROR;
				GCC_WARN_UNDECLARED_SELECTOR = YES;
				GCC_WARN_UNINITIALIZED_AUTOS = YES_AGGRESSIVE;
				GCC_WARN_UNUSED_FUNCTION = YES;
				GCC_WARN_UNUSED_VARIABLE = YES;
				IPHONEOS_DEPLOYMENT_TARGET = 11.4;
				MTL_ENABLE_DEBUG_INFO = YES;
				ONLY_ACTIVE_ARCH = YES;
				SDKROOT = iphoneos;
			};
			name = Debug;
		};
		4D7690EC212AB70200CF2245 /* Release */ = {
			isa = XCBuildConfiguration;
			buildSettings = {
				ALWAYS_SEARCH_USER_PATHS = NO;
				CLANG_ANALYZER_NONNULL = YES;
				CLANG_ANALYZER_NUMBER_OBJECT_CONVERSION = YES_AGGRESSIVE;
				CLANG_CXX_LANGUAGE_STANDARD = "gnu++14";
				CLANG_CXX_LIBRARY = "libc++";
				CLANG_ENABLE_MODULES = YES;
				CLANG_ENABLE_OBJC_ARC = YES;
				CLANG_ENABLE_OBJC_WEAK = YES;
				CLANG_WARN_BLOCK_CAPTURE_AUTORELEASING = YES;
				CLANG_WARN_BOOL_CONVERSION = YES;
				CLANG_WARN_COMMA = YES;
				CLANG_WARN_CONSTANT_CONVERSION = YES;
				CLANG_WARN_DEPRECATED_OBJC_IMPLEMENTATIONS = YES;
				CLANG_WARN_DIRECT_OBJC_ISA_USAGE = YES_ERROR;
				CLANG_WARN_DOCUMENTATION_COMMENTS = YES;
				CLANG_WARN_EMPTY_BODY = YES;
				CLANG_WARN_ENUM_CONVERSION = YES;
				CLANG_WARN_INFINITE_RECURSION = YES;
				CLANG_WARN_INT_CONVERSION = YES;
				CLANG_WARN_NON_LITERAL_NULL_CONVERSION = YES;
				CLANG_WARN_OBJC_IMPLICIT_RETAIN_SELF = YES;
				CLANG_WARN_OBJC_LITERAL_CONVERSION = YES;
				CLANG_WARN_OBJC_ROOT_CLASS = YES_ERROR;
				CLANG_WARN_RANGE_LOOP_ANALYSIS = YES;
				CLANG_WARN_STRICT_PROTOTYPES = YES;
				CLANG_WARN_SUSPICIOUS_MOVE = YES;
				CLANG_WARN_UNGUARDED_AVAILABILITY = YES_AGGRESSIVE;
				CLANG_WARN_UNREACHABLE_CODE = YES;
				CLANG_WARN__DUPLICATE_METHOD_MATCH = YES;
				CODE_SIGN_IDENTITY = "iPhone Developer";
				COPY_PHASE_STRIP = NO;
				DEBUG_INFORMATION_FORMAT = "dwarf-with-dsym";
				ENABLE_NS_ASSERTIONS = NO;
				ENABLE_STRICT_OBJC_MSGSEND = YES;
				GCC_C_LANGUAGE_STANDARD = gnu11;
				GCC_NO_COMMON_BLOCKS = YES;
				GCC_WARN_64_TO_32_BIT_CONVERSION = YES;
				GCC_WARN_ABOUT_RETURN_TYPE = YES_ERROR;
				GCC_WARN_UNDECLARED_SELECTOR = YES;
				GCC_WARN_UNINITIALIZED_AUTOS = YES_AGGRESSIVE;
				GCC_WARN_UNUSED_FUNCTION = YES;
				GCC_WARN_UNUSED_VARIABLE = YES;
				IPHONEOS_DEPLOYMENT_TARGET = 11.4;
				MTL_ENABLE_DEBUG_INFO = NO;
				SDKROOT = iphoneos;
				VALIDATE_PRODUCT = YES;
			};
			name = Release;
		};
		4D7690EE212AB70200CF2245 /* Debug */ = {
			isa = XCBuildConfiguration;
			buildSettings = {
				ASSETCATALOG_COMPILER_APPICON_NAME = AppIcon;
				CODE_SIGN_STYLE = Automatic;
				DEVELOPMENT_TEAM = 3KBXN6MNE2;
				INFOPLIST_FILE = YQGifPlayer/Info.plist;
				LD_RUNPATH_SEARCH_PATHS = (
					"$(inherited)",
					"@executable_path/Frameworks",
				);
				PRODUCT_BUNDLE_IDENTIFIER = soargift.YQGifPlayer;
				PRODUCT_NAME = "$(TARGET_NAME)";
				TARGETED_DEVICE_FAMILY = "1,2";
			};
			name = Debug;
		};
		4D7690EF212AB70200CF2245 /* Release */ = {
			isa = XCBuildConfiguration;
			buildSettings = {
				ASSETCATALOG_COMPILER_APPICON_NAME = AppIcon;
				CODE_SIGN_STYLE = Automatic;
				DEVELOPMENT_TEAM = 3KBXN6MNE2;
				INFOPLIST_FILE = YQGifPlayer/Info.plist;
				LD_RUNPATH_SEARCH_PATHS = (
					"$(inherited)",
					"@executable_path/Frameworks",
				);
				PRODUCT_BUNDLE_IDENTIFIER = soargift.YQGifPlayer;
				PRODUCT_NAME = "$(TARGET_NAME)";
				TARGETED_DEVICE_FAMILY = "1,2";
			};
			name = Release;
		};
/* End XCBuildConfiguration section */

/* Begin XCConfigurationList section */
		4D7690D2212AB70000CF2245 /* Build configuration list for PBXProject "YQGifPlayer" */ = {
			isa = XCConfigurationList;
			buildConfigurations = (
				4D7690EB212AB70200CF2245 /* Debug */,
				4D7690EC212AB70200CF2245 /* Release */,
			);
			defaultConfigurationIsVisible = 0;
			defaultConfigurationName = Release;
		};
		4D7690ED212AB70200CF2245 /* Build configuration list for PBXNativeTarget "YQGifPlayer" */ = {
			isa = XCConfigurationList;
			buildConfigurations = (
				4D7690EE212AB70200CF2245 /* Debug */,
				4D7690EF212AB70200CF2245 /* Release */,
			);
			defaultConfigurationIsVisible = 0;
			defaultConfigurationName = Release;
		};
/* End XCConfigurationList section */
	};
	rootObject = 4D7690CF212AB70000CF2245 /* Project object */;
}
